
Microsoft Visual Studio Solution File, Format Version 12.00
# Visual Studio Version 17
VisualStudioVersion = 17.11.35222.181
MinimumVisualStudioVersion = 10.0.40219.1
Project("{FAE04EC0-301F-11D3-BF4B-00C04F79EFBC}") = "AccessControl.Api", "AccessControl.Api\AccessControl.Api.csproj", "{A7FC2902-9CAD-46EE-B46B-D3EEFC1012D4}"
EndProject
Global
	GlobalSection(SolutionConfigurationPlatforms) = preSolution
		Debug|Any CPU = Debug|Any CPU
		Release|Any CPU = Release|Any CPU
	EndGlobalSection
	GlobalSection(ProjectConfigurationPlatforms) = postSolution
		{A7FC2902-9CAD-46EE-B46B-D3EEFC1012D4}.Debug|Any CPU.ActiveCfg = Debug|Any CPU
		{A7FC2902-9CAD-46EE-B46B-D3EEFC1012D4}.Debug|Any CPU.Build.0 = Debug|Any CPU
		{A7FC2902-9CAD-46EE-B46B-D3EEFC1012D4}.Release|Any CPU.ActiveCfg = Release|Any CPU
		{A7FC2902-9CAD-46EE-B46B-D3EEFC1012D4}.Release|Any CPU.Build.0 = Release|Any CPU
	EndGlobalSection
	GlobalSection(SolutionProperties) = preSolution
		HideSolutionNode = FALSE
	EndGlobalSection
	GlobalSection(ExtensibilityGlobals) = postSolution
		SolutionGuid = {0165C38F-FBE4-492D-BA57-D271DB4665AD}
	EndGlobalSection
EndGlobal
